
Microsoft Visual Studio Solution File, Format Version 12.00
# Visual Studio Version 17
VisualStudioVersion = 17.1.31911.260
MinimumVisualStudioVersion = 10.0.40219.1
Project("{FAE04EC0-301F-11D3-BF4B-00C04F79EFBC}") = "ModelsConverter.Core", "ModelsConverter.Core\ModelsConverter.Core.csproj", "{F0FDBB09-B03C-40A8-9431-BE5D51225411}"
EndProject
Project("{FAE04EC0-301F-11D3-BF4B-00C04F79EFBC}") = "ModelsConverter.Core.Tests", "ModelsConverter.Core.Tests\ModelsConverter.Core.Tests.csproj", "{38A2F51F-1F08-4367-B8AB-7215802A0005}"
EndProject
Global
	GlobalSection(SolutionConfigurationPlatforms) = preSolution
		Debug|Any CPU = Debug|Any CPU
		Release|Any CPU = Release|Any CPU
	EndGlobalSection
	GlobalSection(ProjectConfigurationPlatforms) = postSolution
		{F0FDBB09-B03C-40A8-9431-BE5D51225411}.Debug|Any CPU.ActiveCfg = Debug|Any CPU
		{F0FDBB09-B03C-40A8-9431-BE5D51225411}.Debug|Any CPU.Build.0 = Debug|Any CPU
		{F0FDBB09-B03C-40A8-9431-BE5D51225411}.Release|Any CPU.ActiveCfg = Release|Any CPU
		{F0FDBB09-B03C-40A8-9431-BE5D51225411}.Release|Any CPU.Build.0 = Release|Any CPU
		{38A2F51F-1F08-4367-B8AB-7215802A0005}.Debug|Any CPU.ActiveCfg = Debug|Any CPU
		{38A2F51F-1F08-4367-B8AB-7215802A0005}.Debug|Any CPU.Build.0 = Debug|Any CPU
		{38A2F51F-1F08-4367-B8AB-7215802A0005}.Release|Any CPU.ActiveCfg = Release|Any CPU
		{38A2F51F-1F08-4367-B8AB-7215802A0005}.Release|Any CPU.Build.0 = Release|Any CPU
	EndGlobalSection
	GlobalSection(SolutionProperties) = preSolution
		HideSolutionNode = FALSE
	EndGlobalSection
	GlobalSection(ExtensibilityGlobals) = postSolution
		SolutionGuid = {B6F2D43D-EA44-4775-B341-85289D61C523}
	EndGlobalSection
EndGlobal
